
Microsoft Visual Studio Solution File, Format Version 12.00
# Visual Studio Version 17
VisualStudioVersion = 17.8.34330.188
MinimumVisualStudioVersion = 10.0.40219.1
Project("{9A19103F-16F7-4668-BE54-9A1E7A4F7556}") = "BeautyPoint", "BeautyPoint\BeautyPoint.csproj", "{4F29D385-EC6C-4D85-B29E-0CC6AE57CF22}"
EndProject
Project("{9A19103F-16F7-4668-BE54-9A1E7A4F7556}") = "BeautyPoint.Tests", "BeautyPoint.Tests\BeautyPoint.Tests.csproj", "{4DF51E32-0D35-49B2-A923-2EE2BD539F62}"
EndProject
Global
	GlobalSection(SolutionConfigurationPlatforms) = preSolution
		Debug|Any CPU = Debug|Any CPU
		Release|Any CPU = Release|Any CPU
	EndGlobalSection
	GlobalSection(ProjectConfigurationPlatforms) = postSolution
		{4F29D385-EC6C-4D85-B29E-0CC6AE57CF22}.Debug|Any CPU.ActiveCfg = Debug|Any CPU
		{4F29D385-EC6C-4D85-B29E-0CC6AE57CF22}.Debug|Any CPU.Build.0 = Debug|Any CPU
		{4F29D385-EC6C-4D85-B29E-0CC6AE57CF22}.Release|Any CPU.ActiveCfg = Release|Any CPU
		{4F29D385-EC6C-4D85-B29E-0CC6AE57CF22}.Release|Any CPU.Build.0 = Release|Any CPU
		{4DF51E32-0D35-49B2-A923-2EE2BD539F62}.Debug|Any CPU.ActiveCfg = Debug|Any CPU
		{4DF51E32-0D35-49B2-A923-2EE2BD539F62}.Debug|Any CPU.Build.0 = Debug|Any CPU
		{4DF51E32-0D35-49B2-A923-2EE2BD539F62}.Release|Any CPU.ActiveCfg = Release|Any CPU
		{4DF51E32-0D35-49B2-A923-2EE2BD539F62}.Release|Any CPU.Build.0 = Release|Any CPU
	EndGlobalSection
	GlobalSection(SolutionProperties) = preSolution
		HideSolutionNode = FALSE
	EndGlobalSection
	GlobalSection(ExtensibilityGlobals) = postSolution
		SolutionGuid = {F1D2D265-6D87-4134-9418-F7D2BEE1021F}
	EndGlobalSection
EndGlobal
